
Microsoft Visual Studio Solution File, Format Version 12.00
# Visual Studio 15
VisualStudioVersion = 15.0.26730.3
MinimumVisualStudioVersion = 10.0.40219.1
Project("{FAE04EC0-301F-11D3-BF4B-00C04F79EFBC}") = "RibbonMenuControlTest", "RibbonMenuControlTest\RibbonMenuControlTest.csproj", "{6EEF9ABA-6762-4A72-8B14-3E9312073DCF}"
EndProject
Global
	GlobalSection(SolutionConfigurationPlatforms) = preSolution
		Debug|Any CPU = Debug|Any CPU
		Release|Any CPU = Release|Any CPU
	EndGlobalSection
	GlobalSection(ProjectConfigurationPlatforms) = postSolution
		{6EEF9ABA-6762-4A72-8B14-3E9312073DCF}.Debug|Any CPU.ActiveCfg = Debug|Any CPU
		{6EEF9ABA-6762-4A72-8B14-3E9312073DCF}.Debug|Any CPU.Build.0 = Debug|Any CPU
		{6EEF9ABA-6762-4A72-8B14-3E9312073DCF}.Release|Any CPU.ActiveCfg = Release|Any CPU
		{6EEF9ABA-6762-4A72-8B14-3E9312073DCF}.Release|Any CPU.Build.0 = Release|Any CPU
	EndGlobalSection
	GlobalSection(SolutionProperties) = preSolution
		HideSolutionNode = FALSE
	EndGlobalSection
	GlobalSection(ExtensibilityGlobals) = postSolution
		SolutionGuid = {8EC61F83-2CAE-4490-A9BC-CE3A10E7FFA4}
	EndGlobalSection
EndGlobal
